Microsoft Visual Studio Solution File, Format Version 12.00
# Visual Studio Version 17
VisualStudioVersion = 17.5.2.0
MinimumVisualStudioVersion = 10.0.40219.1
Project("{FAE04EC0-301F-11D3-BF4B-00C04F79EFBC}") = "lesson6", "lesson6.csproj", "{B029B292-DA79-C887-CE21-3EA59B9BDECA}"
EndProject
Global
	GlobalSection(SolutionConfigurationPlatforms) = preSolution
		Debug|Any CPU = Debug|Any CPU
		Release|Any CPU = Release|Any CPU
	EndGlobalSection
	GlobalSection(ProjectConfigurationPlatforms) = postSolution
		{B029B292-DA79-C887-CE21-3EA59B9BDECA}.Debug|Any CPU.ActiveCfg = Debug|Any CPU
		{B029B292-DA79-C887-CE21-3EA59B9BDECA}.Debug|Any CPU.Build.0 = Debug|Any CPU
		{B029B292-DA79-C887-CE21-3EA59B9BDECA}.Release|Any CPU.ActiveCfg = Release|Any CPU
		{B029B292-DA79-C887-CE21-3EA59B9BDECA}.Release|Any CPU.Build.0 = Release|Any CPU
	EndGlobalSection
	GlobalSection(SolutionProperties) = preSolution
		HideSolutionNode = FALSE
	EndGlobalSection
	GlobalSection(ExtensibilityGlobals) = postSolution
		SolutionGuid = {4EEEDB42-6E96-4C89-ACBB-54F84752421D}
	EndGlobalSection
EndGlobal
